// !$*UTF8*$!
{
	archiveVersion = 1;
	classes = {
	};
	objectVersion = 50;
	objects = {

/* Begin PBXBuildFile section */
		6C10A32721BC534F00A200BF /* NomeLojaTableViewCell.swift in Sources */ = {isa = PBXBuildFile; fileRef = 6C10A32521BC534F00A200BF /* NomeLojaTableViewCell.swift */; };
		6C10A32821BC534F00A200BF /* NomeLojaTableViewCell.xib in Resources */ = {isa = PBXBuildFile; fileRef = 6C10A32621BC534F00A200BF /* NomeLojaTableViewCell.xib */; };
		6C10A32A21BC5DD000A200BF /* EstoqueViewController.swift in Sources */ = {isa = PBXBuildFile; fileRef = 6C10A32921BC5DD000A200BF /* EstoqueViewController.swift */; };
		6C10A32E21BC626000A200BF /* EstoqueCarroTableViewCell.swift in Sources */ = {isa = PBXBuildFile; fileRef = 6C10A32C21BC626000A200BF /* EstoqueCarroTableViewCell.swift */; };
		6C10A32F21BC626000A200BF /* EstoqueCarroTableViewCell.xib in Resources */ = {isa = PBXBuildFile; fileRef = 6C10A32D21BC626000A200BF /* EstoqueCarroTableViewCell.xib */; };
		6C8DB47D21BC33E5004AD5F8 /* AppDelegate.swift in Sources */ = {isa = PBXBuildFile; fileRef = 6C8DB47C21BC33E5004AD5F8 /* AppDelegate.swift */; };
		6C8DB47F21BC33E5004AD5F8 /* ViewController.swift in Sources */ = {isa = PBXBuildFile; fileRef = 6C8DB47E21BC33E5004AD5F8 /* ViewController.swift */; };
		6C8DB48221BC33E5004AD5F8 /* Main.storyboard in Resources */ = {isa = PBXBuildFile; fileRef = 6C8DB48021BC33E5004AD5F8 /* Main.storyboard */; };
		6C8DB48521BC33E5004AD5F8 /* MotorizeEstoque.xcdatamodeld in Sources */ = {isa = PBXBuildFile; fileRef = 6C8DB48321BC33E5004AD5F8 /* MotorizeEstoque.xcdatamodeld */; };
		6C8DB48721BC33E7004AD5F8 /* Assets.xcassets in Resources */ = {isa = PBXBuildFile; fileRef = 6C8DB48621BC33E7004AD5F8 /* Assets.xcassets */; };
		6C8DB48A21BC33E7004AD5F8 /* LaunchScreen.storyboard in Resources */ = {isa = PBXBuildFile; fileRef = 6C8DB48821BC33E7004AD5F8 /* LaunchScreen.storyboard */; };
		6C8DB49521BC33E7004AD5F8 /* MotorizeEstoqueTests.swift in Sources */ = {isa = PBXBuildFile; fileRef = 6C8DB49421BC33E7004AD5F8 /* MotorizeEstoqueTests.swift */; };
		6C8DB4A021BC33E7004AD5F8 /* MotorizeEstoqueUITests.swift in Sources */ = {isa = PBXBuildFile; fileRef = 6C8DB49F21BC33E7004AD5F8 /* MotorizeEstoqueUITests.swift */; };
		6C8DB4B221BC45BF004AD5F8 /* EstoqueTableViewCell.swift in Sources */ = {isa = PBXBuildFile; fileRef = 6C8DB4B021BC45BF004AD5F8 /* EstoqueTableViewCell.swift */; };
		6C8DB4B321BC45BF004AD5F8 /* EstoqueTableViewCell.xib in Resources */ = {isa = PBXBuildFile; fileRef = 6C8DB4B121BC45BF004AD5F8 /* EstoqueTableViewCell.xib */; };
		6C8DB4B521BC4F09004AD5F8 /* HomeViewController.swift in Sources */ = {isa = PBXBuildFile; fileRef = 6C8DB4B421BC4F09004AD5F8 /* HomeViewController.swift */; };
		6CAD364021BFEE39003BACF4 /* LoginViewController.swift in Sources */ = {isa = PBXBuildFile; fileRef = 6CAD363F21BFEE39003BACF4 /* LoginViewController.swift */; };
		6CAD364321BFEE9D003BACF4 /* Acesso.swift in Sources */ = {isa = PBXBuildFile; fileRef = 6CAD364221BFEE9D003BACF4 /* Acesso.swift */; };
/* End PBXBuildFile section */

/* Begin PBXContainerItemProxy section */
		6C8DB49121BC33E7004AD5F8 /* PBXContainerItemProxy */ = {
			isa = PBXContainerItemProxy;
			containerPortal = 6C8DB47121BC33E5004AD5F8 /* Project object */;
			proxyType = 1;
			remoteGlobalIDString = 6C8DB47821BC33E5004AD5F8;
			remoteInfo = MotorizeEstoque;
		};
		6C8DB49C21BC33E7004AD5F8 /* PBXContainerItemProxy */ = {
			isa = PBXContainerItemProxy;
			containerPortal = 6C8DB47121BC33E5004AD5F8 /* Project object */;
			proxyType = 1;
			remoteGlobalIDString = 6C8DB47821BC33E5004AD5F8;
			remoteInfo = MotorizeEstoque;
		};
/* End PBXContainerItemProxy section */

/* Begin PBXFileReference section */
		6C10A32521BC534F00A200BF /* NomeLojaTableViewCell.swift */ = {isa = PBXFileReference; lastKnownFileType = sourcecode.swift; path = NomeLojaTableViewCell.swift; sourceTree = "<group>"; };
		6C10A32621BC534F00A200BF /* NomeLojaTableViewCell.xib */ = {isa = PBXFileReference; lastKnownFileType = file.xib; path = NomeLojaTableViewCell.xib; sourceTree = "<group>"; };
		6C10A32921BC5DD000A200BF /* EstoqueViewController.swift */ = {isa = PBXFileReference; lastKnownFileType = sourcecode.swift; path = EstoqueViewController.swift; sourceTree = "<group>"; };
		6C10A32C21BC626000A200BF /* EstoqueCarroTableViewCell.swift */ = {isa = PBXFileReference; lastKnownFileType = sourcecode.swift; path = EstoqueCarroTableViewCell.swift; sourceTree = "<group>"; };
		6C10A32D21BC626000A200BF /* EstoqueCarroTableViewCell.xib */ = {isa = PBXFileReference; lastKnownFileType = file.xib; path = EstoqueCarroTableViewCell.xib; sourceTree = "<group>"; };
		6C8DB47921BC33E5004AD5F8 /* MotorizeEstoque.app */ = {isa = PBXFileReference; explicitFileType = wrapper.application; includeInIndex = 0; path = MotorizeEstoque.app; sourceTree = BUILT_PRODUCTS_DIR; };
		6C8DB47C21BC33E5004AD5F8 /* AppDelegate.swift */ = {isa = PBXFileReference; lastKnownFileType = sourcecode.swift; path = AppDelegate.swift; sourceTree = "<group>"; };
		6C8DB47E21BC33E5004AD5F8 /* ViewController.swift */ = {isa = PBXFileReference; lastKnownFileType = sourcecode.swift; path = ViewController.swift; sourceTree = "<group>"; };
		6C8DB48121BC33E5004AD5F8 /* Base */ = {isa = PBXFileReference; lastKnownFileType = file.storyboard; name = Base; path = Base.lproj/Main.storyboard; sourceTree = "<group>"; };
		6C8DB48421BC33E5004AD5F8 /* MotorizeEstoque.xcdatamodel */ = {isa = PBXFileReference; lastKnownFileType = wrapper.xcdatamodel; path = MotorizeEstoque.xcdatamodel; sourceTree = "<group>"; };
		6C8DB48621BC33E7004AD5F8 /* Assets.xcassets */ = {isa = PBXFileReference; lastKnownFileType = folder.assetcatalog; path = Assets.xcassets; sourceTree = "<group>"; };
		6C8DB48921BC33E7004AD5F8 /* Base */ = {isa = PBXFileReference; lastKnownFileType = file.storyboard; name = Base; path = Base.lproj/LaunchScreen.storyboard; sourceTree = "<group>"; };
		6C8DB48B21BC33E7004AD5F8 /* Info.plist */ = {isa = PBXFileReference; lastKnownFileType = text.plist.xml; path = Info.plist; sourceTree = "<group>"; };
		6C8DB49021BC33E7004AD5F8 /* MotorizeEstoqueTests.xctest */ = {isa = PBXFileReference; explicitFileType = wrapper.cfbundle; includeInIndex = 0; path = MotorizeEstoqueTests.xctest; sourceTree = BUILT_PRODUCTS_DIR; };
		6C8DB49421BC33E7004AD5F8 /* MotorizeEstoqueTests.swift */ = {isa = PBXFileReference; lastKnownFileType = sourcecode.swift; path = MotorizeEstoqueTests.swift; sourceTree = "<group>"; };
		6C8DB49621BC33E7004AD5F8 /* Info.plist */ = {isa = PBXFileReference; lastKnownFileType = text.plist.xml; path = Info.plist; sourceTree = "<group>"; };
		6C8DB49B21BC33E7004AD5F8 /* MotorizeEstoqueUITests.xctest */ = {isa = PBXFileReference; explicitFileType = wrapper.cfbundle; includeInIndex = 0; path = MotorizeEstoqueUITests.xctest; sourceTree = BUILT_PRODUCTS_DIR; };
		6C8DB49F21BC33E7004AD5F8 /* MotorizeEstoqueUITests.swift */ = {isa = PBXFileReference; lastKnownFileType = sourcecode.swift; path = MotorizeEstoqueUITests.swift; sourceTree = "<group>"; };
		6C8DB4A121BC33E7004AD5F8 /* Info.plist */ = {isa = PBXFileReference; lastKnownFileType = text.plist.xml; path = Info.plist; sourceTree = "<group>"; };
		6C8DB4B021BC45BF004AD5F8 /* EstoqueTableViewCell.swift */ = {isa = PBXFileReference; lastKnownFileType = sourcecode.swift; path = EstoqueTableViewCell.swift; sourceTree = "<group>"; };
		6C8DB4B121BC45BF004AD5F8 /* EstoqueTableViewCell.xib */ = {isa = PBXFileReference; lastKnownFileType = file.xib; path = EstoqueTableViewCell.xib; sourceTree = "<group>"; };
		6C8DB4B421BC4F09004AD5F8 /* HomeViewController.swift */ = {isa = PBXFileReference; lastKnownFileType = sourcecode.swift; path = HomeViewController.swift; sourceTree = "<group>"; };
		6CAD363F21BFEE39003BACF4 /* LoginViewController.swift */ = {isa = PBXFileReference; lastKnownFileType = sourcecode.swift; path = LoginViewController.swift; sourceTree = "<group>"; };
		6CAD364221BFEE9D003BACF4 /* Acesso.swift */ = {isa = PBXFileReference; lastKnownFileType = sourcecode.swift; path = Acesso.swift; sourceTree = "<group>"; };
/* End PBXFileReference section */

/* Begin PBXFrameworksBuildPhase section */
		6C8DB47621BC33E5004AD5F8 /* Frameworks */ = {
			isa = PBXFrameworksBuildPhase;
			buildActionMask = 2147483647;
			files = (
			);
			runOnlyForDeploymentPostprocessing = 0;
		};
		6C8DB48D21BC33E7004AD5F8 /* Frameworks */ = {
			isa = PBXFrameworksBuildPhase;
			buildActionMask = 2147483647;
			files = (
			);
			runOnlyForDeploymentPostprocessing = 0;
		};
		6C8DB49821BC33E7004AD5F8 /* Frameworks */ = {
			isa = PBXFrameworksBuildPhase;
			buildActionMask = 2147483647;
			files = (
			);
			runOnlyForDeploymentPostprocessing = 0;
		};
/* End PBXFrameworksBuildPhase section */

/* Begin PBXGroup section */
		6C10A32421BC532F00A200BF /* CellNomeLoja */ = {
			isa = PBXGroup;
			children = (
				6C10A32521BC534F00A200BF /* NomeLojaTableViewCell.swift */,
				6C10A32621BC534F00A200BF /* NomeLojaTableViewCell.xib */,
			);
			path = CellNomeLoja;
			sourceTree = "<group>";
		};
		6C10A32B21BC624800A200BF /* EstoqueCarroCell */ = {
			isa = PBXGroup;
			children = (
				6C10A32C21BC626000A200BF /* EstoqueCarroTableViewCell.swift */,
				6C10A32D21BC626000A200BF /* EstoqueCarroTableViewCell.xib */,
			);
			path = EstoqueCarroCell;
			sourceTree = "<group>";
		};
		6C8DB47021BC33E5004AD5F8 = {
			isa = PBXGroup;
			children = (
				6C8DB47B21BC33E5004AD5F8 /* MotorizeEstoque */,
				6C8DB49321BC33E7004AD5F8 /* MotorizeEstoqueTests */,
				6C8DB49E21BC33E7004AD5F8 /* MotorizeEstoqueUITests */,
				6C8DB47A21BC33E5004AD5F8 /* Products */,
			);
			sourceTree = "<group>";
		};
		6C8DB47A21BC33E5004AD5F8 /* Products */ = {
			isa = PBXGroup;
			children = (
				6C8DB47921BC33E5004AD5F8 /* MotorizeEstoque.app */,
				6C8DB49021BC33E7004AD5F8 /* MotorizeEstoqueTests.xctest */,
				6C8DB49B21BC33E7004AD5F8 /* MotorizeEstoqueUITests.xctest */,
			);
			name = Products;
			sourceTree = "<group>";
		};
		6C8DB47B21BC33E5004AD5F8 /* MotorizeEstoque */ = {
			isa = PBXGroup;
			children = (
				6CAD364121BFEE8A003BACF4 /* Models */,
				6C10A32B21BC624800A200BF /* EstoqueCarroCell */,
				6C10A32421BC532F00A200BF /* CellNomeLoja */,
				6C8DB4AF21BC4515004AD5F8 /* CellHome */,
				6C8DB47C21BC33E5004AD5F8 /* AppDelegate.swift */,
				6C8DB47E21BC33E5004AD5F8 /* ViewController.swift */,
				6C8DB48021BC33E5004AD5F8 /* Main.storyboard */,
				6C8DB48621BC33E7004AD5F8 /* Assets.xcassets */,
				6C8DB48821BC33E7004AD5F8 /* LaunchScreen.storyboard */,
				6C8DB48B21BC33E7004AD5F8 /* Info.plist */,
				6C8DB48321BC33E5004AD5F8 /* MotorizeEstoque.xcdatamodeld */,
				6C8DB4B421BC4F09004AD5F8 /* HomeViewController.swift */,
				6C10A32921BC5DD000A200BF /* EstoqueViewController.swift */,
				6CAD363F21BFEE39003BACF4 /* LoginViewController.swift */,
			);
			path = MotorizeEstoque;
			sourceTree = "<group>";
		};
		6C8DB49321BC33E7004AD5F8 /* MotorizeEstoqueTests */ = {
			isa = PBXGroup;
			children = (
				6C8DB49421BC33E7004AD5F8 /* MotorizeEstoqueTests.swift */,
				6C8DB49621BC33E7004AD5F8 /* Info.plist */,
			);
			path = MotorizeEstoqueTests;
			sourceTree = "<group>";
		};
		6C8DB49E21BC33E7004AD5F8 /* MotorizeEstoqueUITests */ = {
			isa = PBXGroup;
			children = (
				6C8DB49F21BC33E7004AD5F8 /* MotorizeEstoqueUITests.swift */,
				6C8DB4A121BC33E7004AD5F8 /* Info.plist */,
			);
			path = MotorizeEstoqueUITests;
			sourceTree = "<group>";
		};
		6C8DB4AF21BC4515004AD5F8 /* CellHome */ = {
			isa = PBXGroup;
			children = (
				6C8DB4B021BC45BF004AD5F8 /* EstoqueTableViewCell.swift */,
				6C8DB4B121BC45BF004AD5F8 /* EstoqueTableViewCell.xib */,
			);
			path = CellHome;
			sourceTree = "<group>";
		};
		6CAD364121BFEE8A003BACF4 /* Models */ = {
			isa = PBXGroup;
			children = (
				6CAD364221BFEE9D003BACF4 /* Acesso.swift */,
			);
			path = Models;
			sourceTree = "<group>";
		};
/* End PBXGroup section */

/* Begin PBXNativeTarget section */
		6C8DB47821BC33E5004AD5F8 /* MotorizeEstoque */ = {
			isa = PBXNativeTarget;
			buildConfigurationList = 6C8DB4A421BC33E7004AD5F8 /* Build configuration list for PBXNativeTarget "MotorizeEstoque" */;
			buildPhases = (
				6C8DB47521BC33E5004AD5F8 /* Sources */,
				6C8DB47621BC33E5004AD5F8 /* Frameworks */,
				6C8DB47721BC33E5004AD5F8 /* Resources */,
			);
			buildRules = (
			);
			dependencies = (
			);
			name = MotorizeEstoque;
			productName = MotorizeEstoque;
			productReference = 6C8DB47921BC33E5004AD5F8 /* MotorizeEstoque.app */;
			productType = "com.apple.product-type.application";
		};
		6C8DB48F21BC33E7004AD5F8 /* MotorizeEstoqueTests */ = {
			isa = PBXNativeTarget;
			buildConfigurationList = 6C8DB4A721BC33E7004AD5F8 /* Build configuration list for PBXNativeTarget "MotorizeEstoqueTests" */;
			buildPhases = (
				6C8DB48C21BC33E7004AD5F8 /* Sources */,
				6C8DB48D21BC33E7004AD5F8 /* Frameworks */,
				6C8DB48E21BC33E7004AD5F8 /* Resources */,
			);
			buildRules = (
			);
			dependencies = (
				6C8DB49221BC33E7004AD5F8 /* PBXTargetDependency */,
			);
			name = MotorizeEstoqueTests;
			productName = MotorizeEstoqueTests;
			productReference = 6C8DB49021BC33E7004AD5F8 /* MotorizeEstoqueTests.xctest */;
			productType = "com.apple.product-type.bundle.unit-test";
		};
		6C8DB49A21BC33E7004AD5F8 /* MotorizeEstoqueUITests */ = {
			isa = PBXNativeTarget;
			buildConfigurationList = 6C8DB4AA21BC33E7004AD5F8 /* Build configuration list for PBXNativeTarget "MotorizeEstoqueUITests" */;
			buildPhases = (
				6C8DB49721BC33E7004AD5F8 /* Sources */,
				6C8DB49821BC33E7004AD5F8 /* Frameworks */,
				6C8DB49921BC33E7004AD5F8 /* Resources */,
			);
			buildRules = (
			);
			dependencies = (
				6C8DB49D21BC33E7004AD5F8 /* PBXTargetDependency */,
			);
			name = MotorizeEstoqueUITests;
			productName = MotorizeEstoqueUITests;
			productReference = 6C8DB49B21BC33E7004AD5F8 /* MotorizeEstoqueUITests.xctest */;
			productType = "com.apple.product-type.bundle.ui-testing";
		};
/* End PBXNativeTarget section */

/* Begin PBXProject section */
		6C8DB47121BC33E5004AD5F8 /* Project object */ = {
			isa = PBXProject;
			attributes = {
				LastSwiftUpdateCheck = 1010;
				LastUpgradeCheck = 1010;
				ORGANIZATIONNAME = "Joao Paulo";
				TargetAttributes = {
					6C8DB47821BC33E5004AD5F8 = {
						CreatedOnToolsVersion = 10.1;
					};
					6C8DB48F21BC33E7004AD5F8 = {
						CreatedOnToolsVersion = 10.1;
						TestTargetID = 6C8DB47821BC33E5004AD5F8;
					};
					6C8DB49A21BC33E7004AD5F8 = {
						CreatedOnToolsVersion = 10.1;
						TestTargetID = 6C8DB47821BC33E5004AD5F8;
					};
				};
			};
			buildConfigurationList = 6C8DB47421BC33E5004AD5F8 /* Build configuration list for PBXProject "MotorizeEstoque" */;
			compatibilityVersion = "Xcode 9.3";
			developmentRegion = en;
			hasScannedForEncodings = 0;
			knownRegions = (
				en,
				Base,
			);
			mainGroup = 6C8DB47021BC33E5004AD5F8;
			productRefGroup = 6C8DB47A21BC33E5004AD5F8 /* Products */;
			projectDirPath = "";
			projectRoot = "";
			targets = (
				6C8DB47821BC33E5004AD5F8 /* MotorizeEstoque */,
				6C8DB48F21BC33E7004AD5F8 /* MotorizeEstoqueTests */,
				6C8DB49A21BC33E7004AD5F8 /* MotorizeEstoqueUITests */,
			);
		};
/* End PBXProject section */

/* Begin PBXResourcesBuildPhase section */
		6C8DB47721BC33E5004AD5F8 /* Resources */ = {
			isa = PBXResourcesBuildPhase;
			buildActionMask = 2147483647;
			files = (
				6C8DB48A21BC33E7004AD5F8 /* LaunchScreen.storyboard in Resources */,
				6C8DB48721BC33E7004AD5F8 /* Assets.xcassets in Resources */,
				6C10A32F21BC626000A200BF /* EstoqueCarroTableViewCell.xib in Resources */,
				6C10A32821BC534F00A200BF /* NomeLojaTableViewCell.xib in Resources */,
				6C8DB4B321BC45BF004AD5F8 /* EstoqueTableViewCell.xib in Resources */,
				6C8DB48221BC33E5004AD5F8 /* Main.storyboard in Resources */,
			);
			runOnlyForDeploymentPostprocessing = 0;
		};
		6C8DB48E21BC33E7004AD5F8 /* Resources */ = {
			isa = PBXResourcesBuildPhase;
			buildActionMask = 2147483647;
			files = (
			);
			runOnlyForDeploymentPostprocessing = 0;
		};
		6C8DB49921BC33E7004AD5F8 /* Resources */ = {
			isa = PBXResourcesBuildPhase;
			buildActionMask = 2147483647;
			files = (
			);
			runOnlyForDeploymentPostprocessing = 0;
		};
/* End PBXResourcesBuildPhase section */

/* Begin PBXSourcesBuildPhase section */
		6C8DB47521BC33E5004AD5F8 /* Sources */ = {
			isa = PBXSourcesBuildPhase;
			buildActionMask = 2147483647;
			files = (
				6CAD364021BFEE39003BACF4 /* LoginViewController.swift in Sources */,
				6C10A32721BC534F00A200BF /* NomeLojaTableViewCell.swift in Sources */,
				6C8DB4B521BC4F09004AD5F8 /* HomeViewController.swift in Sources */,
				6CAD364321BFEE9D003BACF4 /* Acesso.swift in Sources */,
				6C10A32E21BC626000A200BF /* EstoqueCarroTableViewCell.swift in Sources */,
				6C8DB47F21BC33E5004AD5F8 /* ViewController.swift in Sources */,
				6C8DB47D21BC33E5004AD5F8 /* AppDelegate.swift in Sources */,
				6C8DB4B221BC45BF004AD5F8 /* EstoqueTableViewCell.swift in Sources */,
				6C8DB48521BC33E5004AD5F8 /* MotorizeEstoque.xcdatamodeld in Sources */,
				6C10A32A21BC5DD000A200BF /* EstoqueViewController.swift in Sources */,
			);
			runOnlyForDeploymentPostprocessing = 0;
		};
		6C8DB48C21BC33E7004AD5F8 /* Sources */ = {
			isa = PBXSourcesBuildPhase;
			buildActionMask = 2147483647;
			files = (
				6C8DB49521BC33E7004AD5F8 /* MotorizeEstoqueTests.swift in Sources */,
			);
			runOnlyForDeploymentPostprocessing = 0;
		};
		6C8DB49721BC33E7004AD5F8 /* Sources */ = {
			isa = PBXSourcesBuildPhase;
			buildActionMask = 2147483647;
			files = (
				6C8DB4A021BC33E7004AD5F8 /* MotorizeEstoqueUITests.swift in Sources */,
			);
			runOnlyForDeploymentPostprocessing = 0;
		};
/* End PBXSourcesBuildPhase section */

/* Begin PBXTargetDependency section */
		6C8DB49221BC33E7004AD5F8 /* PBXTargetDependency */ = {
			isa = PBXTargetDependency;
			target = 6C8DB47821BC33E5004AD5F8 /* MotorizeEstoque */;
			targetProxy = 6C8DB49121BC33E7004AD5F8 /* PBXContainerItemProxy */;
		};
		6C8DB49D21BC33E7004AD5F8 /* PBXTargetDependency */ = {
			isa = PBXTargetDependency;
			target = 6C8DB47821BC33E5004AD5F8 /* MotorizeEstoque */;
			targetProxy = 6C8DB49C21BC33E7004AD5F8 /* PBXContainerItemProxy */;
		};
/* End PBXTargetDependency section */

/* Begin PBXVariantGroup section */
		6C8DB48021BC33E5004AD5F8 /* Main.storyboard */ = {
			isa = PBXVariantGroup;
			children = (
				6C8DB48121BC33E5004AD5F8 /* Base */,
			);
			name = Main.storyboard;
			sourceTree = "<group>";
		};
		6C8DB48821BC33E7004AD5F8 /* LaunchScreen.storyboard */ = {
			isa = PBXVariantGroup;
			children = (
				6C8DB48921BC33E7004AD5F8 /* Base */,
			);
			name = LaunchScreen.storyboard;
			sourceTree = "<group>";
		};
/* End PBXVariantGroup section */

/* Begin XCBuildConfiguration section */
		6C8DB4A221BC33E7004AD5F8 /* Debug */ = {
			isa = XCBuildConfiguration;
			buildSettings = {
				ALWAYS_SEARCH_USER_PATHS = NO;
				CLANG_ANALYZER_NONNULL = YES;
				CLANG_ANALYZER_NUMBER_OBJECT_CONVERSION = YES_AGGRESSIVE;
				CLANG_CXX_LANGUAGE_STANDARD = "gnu++14";
				CLANG_CXX_LIBRARY = "libc++";
				CLANG_ENABLE_MODULES = YES;
				CLANG_ENABLE_OBJC_ARC = YES;
				CLANG_ENABLE_OBJC_WEAK = YES;
				CLANG_WARN_BLOCK_CAPTURE_AUTORELEASING = YES;
				CLANG_WARN_BOOL_CONVERSION = YES;
				CLANG_WARN_COMMA = YES;
				CLANG_WARN_CONSTANT_CONVERSION = YES;
				CLANG_WARN_DEPRECATED_OBJC_IMPLEMENTATIONS = YES;
				CLANG_WARN_DIRECT_OBJC_ISA_USAGE = YES_ERROR;
				CLANG_WARN_DOCUMENTATION_COMMENTS = YES;
				CLANG_WARN_EMPTY_BODY = YES;
				CLANG_WARN_ENUM_CONVERSION = YES;
				CLANG_WARN_INFINITE_RECURSION = YES;
				CLANG_WARN_INT_CONVERSION = YES;
				CLANG_WARN_NON_LITERAL_NULL_CONVERSION = YES;
				CLANG_WARN_OBJC_IMPLICIT_RETAIN_SELF = YES;
				CLANG_WARN_OBJC_LITERAL_CONVERSION = YES;
				CLANG_WARN_OBJC_ROOT_CLASS = YES_ERROR;
				CLANG_WARN_RANGE_LOOP_ANALYSIS = YES;
				CLANG_WARN_STRICT_PROTOTYPES = YES;
				CLANG_WARN_SUSPICIOUS_MOVE = YES;
				CLANG_WARN_UNGUARDED_AVAILABILITY = YES_AGGRESSIVE;
				CLANG_WARN_UNREACHABLE_CODE = YES;
				CLANG_WARN__DUPLICATE_METHOD_MATCH = YES;
				CODE_SIGN_IDENTITY = "iPhone Developer";
				COPY_PHASE_STRIP = NO;
				DEBUG_INFORMATION_FORMAT = dwarf;
				ENABLE_STRICT_OBJC_MSGSEND = YES;
				ENABLE_TESTABILITY = YES;
				GCC_C_LANGUAGE_STANDARD = gnu11;
				GCC_DYNAMIC_NO_PIC = NO;
				GCC_NO_COMMON_BLOCKS = YES;
				GCC_OPTIMIZATION_LEVEL = 0;
				GCC_PREPROCESSOR_DEFINITIONS = (
					"DEBUG=1",
					"$(inherited)",
				);
				GCC_WARN_64_TO_32_BIT_CONVERSION = YES;
				GCC_WARN_ABOUT_RETURN_TYPE = YES_ERROR;
				GCC_WARN_UNDECLARED_SELECTOR = YES;
				GCC_WARN_UNINITIALIZED_AUTOS = YES_AGGRESSIVE;
				GCC_WARN_UNUSED_FUNCTION = YES;
				GCC_WARN_UNUSED_VARIABLE = YES;
				IPHONEOS_DEPLOYMENT_TARGET = 12.1;
				MTL_ENABLE_DEBUG_INFO = INCLUDE_SOURCE;
				MTL_FAST_MATH = YES;
				ONLY_ACTIVE_ARCH = YES;
				SDKROOT = iphoneos;
				SWIFT_ACTIVE_COMPILATION_CONDITIONS = DEBUG;
				SWIFT_OPTIMIZATION_LEVEL = "-Onone";
			};
			name = Debug;
		};
		6C8DB4A321BC33E7004AD5F8 /* Release */ = {
			isa = XCBuildConfiguration;
			buildSettings = {
				ALWAYS_SEARCH_USER_PATHS = NO;
				CLANG_ANALYZER_NONNULL = YES;
				CLANG_ANALYZER_NUMBER_OBJECT_CONVERSION = YES_AGGRESSIVE;
				CLANG_CXX_LANGUAGE_STANDARD = "gnu++14";
				CLANG_CXX_LIBRARY = "libc++";
				CLANG_ENABLE_MODULES = YES;
				CLANG_ENABLE_OBJC_ARC = YES;
				CLANG_ENABLE_OBJC_WEAK = YES;
				CLANG_WARN_BLOCK_CAPTURE_AUTORELEASING = YES;
				CLANG_WARN_BOOL_CONVERSION = YES;
				CLANG_WARN_COMMA = YES;
				CLANG_WARN_CONSTANT_CONVERSION = YES;
				CLANG_WARN_DEPRECATED_OBJC_IMPLEMENTATIONS = YES;
				CLANG_WARN_DIRECT_OBJC_ISA_USAGE = YES_ERROR;
				CLANG_WARN_DOCUMENTATION_COMMENTS = YES;
				CLANG_WARN_EMPTY_BODY = YES;
				CLANG_WARN_ENUM_CONVERSION = YES;
				CLANG_WARN_INFINITE_RECURSION = YES;
				CLANG_WARN_INT_CONVERSION = YES;
				CLANG_WARN_NON_LITERAL_NULL_CONVERSION = YES;
				CLANG_WARN_OBJC_IMPLICIT_RETAIN_SELF = YES;
				CLANG_WARN_OBJC_LITERAL_CONVERSION = YES;
				CLANG_WARN_OBJC_ROOT_CLASS = YES_ERROR;
				CLANG_WARN_RANGE_LOOP_ANALYSIS = YES;
				CLANG_WARN_STRICT_PROTOTYPES = YES;
				CLANG_WARN_SUSPICIOUS_MOVE = YES;
				CLANG_WARN_UNGUARDED_AVAILABILITY = YES_AGGRESSIVE;
				CLANG_WARN_UNREACHABLE_CODE = YES;
				CLANG_WARN__DUPLICATE_METHOD_MATCH = YES;
				CODE_SIGN_IDENTITY = "iPhone Developer";
				COPY_PHASE_STRIP = NO;
				DEBUG_INFORMATION_FORMAT = "dwarf-with-dsym";
				ENABLE_NS_ASSERTIONS = NO;
				ENABLE_STRICT_OBJC_MSGSEND = YES;
				GCC_C_LANGUAGE_STANDARD = gnu11;
				GCC_NO_COMMON_BLOCKS = YES;
				GCC_WARN_64_TO_32_BIT_CONVERSION = YES;
				GCC_WARN_ABOUT_RETURN_TYPE = YES_ERROR;
				GCC_WARN_UNDECLARED_SELECTOR = YES;
				GCC_WARN_UNINITIALIZED_AUTOS = YES_AGGRESSIVE;
				GCC_WARN_UNUSED_FUNCTION = YES;
				GCC_WARN_UNUSED_VARIABLE = YES;
				IPHONEOS_DEPLOYMENT_TARGET = 12.1;
				MTL_ENABLE_DEBUG_INFO = NO;
				MTL_FAST_MATH = YES;
				SDKROOT = iphoneos;
				SWIFT_COMPILATION_MODE = wholemodule;
				SWIFT_OPTIMIZATION_LEVEL = "-O";
				VALIDATE_PRODUCT = YES;
			};
			name = Release;
		};
		6C8DB4A521BC33E7004AD5F8 /* Debug */ = {
			isa = XCBuildConfiguration;
			buildSettings = {
				ASSETCATALOG_COMPILER_APPICON_NAME = AppIcon;
				CODE_SIGN_STYLE = Automatic;
				DEVELOPMENT_TEAM = UEJNTPTGX4;
				INFOPLIST_FILE = MotorizeEstoque/Info.plist;
				LD_RUNPATH_SEARCH_PATHS = (
					"$(inherited)",
					"@executable_path/Frameworks",
				);
				PRODUCT_BUNDLE_IDENTIFIER = br.com.motorize.MotorizeEstoque;
				PRODUCT_NAME = "$(TARGET_NAME)";
				SWIFT_VERSION = 4.2;
				TARGETED_DEVICE_FAMILY = "1,2";
			};
			name = Debug;
		};
		6C8DB4A621BC33E7004AD5F8 /* Release */ = {
			isa = XCBuildConfiguration;
			buildSettings = {
				ASSETCATALOG_COMPILER_APPICON_NAME = AppIcon;
				CODE_SIGN_STYLE = Automatic;
				DEVELOPMENT_TEAM = UEJNTPTGX4;
				INFOPLIST_FILE = MotorizeEstoque/Info.plist;
				LD_RUNPATH_SEARCH_PATHS = (
					"$(inherited)",
					"@executable_path/Frameworks",
				);
				PRODUCT_BUNDLE_IDENTIFIER = br.com.motorize.MotorizeEstoque;
				PRODUCT_NAME = "$(TARGET_NAME)";
				SWIFT_VERSION = 4.2;
				TARGETED_DEVICE_FAMILY = "1,2";
			};
			name = Release;
		};
		6C8DB4A821BC33E7004AD5F8 /* Debug */ = {
			isa = XCBuildConfiguration;
			buildSettings = {
				ALWAYS_EMBED_SWIFT_STANDARD_LIBRARIES = YES;
				BUNDLE_LOADER = "$(TEST_HOST)";
				CODE_SIGN_STYLE = Automatic;
				DEVELOPMENT_TEAM = UEJNTPTGX4;
				INFOPLIST_FILE = MotorizeEstoqueTests/Info.plist;
				LD_RUNPATH_SEARCH_PATHS = (
					"$(inherited)",
					"@executable_path/Frameworks",
					"@loader_path/Frameworks",
				);
				PRODUCT_BUNDLE_IDENTIFIER = br.com.motorize.MotorizeEstoqueTests;
				PRODUCT_NAME = "$(TARGET_NAME)";
				SWIFT_VERSION = 4.2;
				TARGETED_DEVICE_FAMILY = "1,2";
				TEST_HOST = "$(BUILT_PRODUCTS_DIR)/MotorizeEstoque.app/MotorizeEstoque";
			};
			name = Debug;
		};
		6C8DB4A921BC33E7004AD5F8 /* Release */ = {
			isa = XCBuildConfiguration;
			buildSettings = {
				ALWAYS_EMBED_SWIFT_STANDARD_LIBRARIES = YES;
				BUNDLE_LOADER = "$(TEST_HOST)";
				CODE_SIGN_STYLE = Automatic;
				DEVELOPMENT_TEAM = UEJNTPTGX4;
				INFOPLIST_FILE = MotorizeEstoqueTests/Info.plist;
				LD_RUNPATH_SEARCH_PATHS = (
					"$(inherited)",
					"@executable_path/Frameworks",
					"@loader_path/Frameworks",
				);
				PRODUCT_BUNDLE_IDENTIFIER = br.com.motorize.MotorizeEstoqueTests;
				PRODUCT_NAME = "$(TARGET_NAME)";
				SWIFT_VERSION = 4.2;
				TARGETED_DEVICE_FAMILY = "1,2";
				TEST_HOST = "$(BUILT_PRODUCTS_DIR)/MotorizeEstoque.app/MotorizeEstoque";
			};
			name = Release;
		};
		6C8DB4AB21BC33E7004AD5F8 /* Debug */ = {
			isa = XCBuildConfiguration;
			buildSettings = {
				ALWAYS_EMBED_SWIFT_STANDARD_LIBRARIES = YES;
				CODE_SIGN_STYLE = Automatic;
				DEVELOPMENT_TEAM = UEJNTPTGX4;
				INFOPLIST_FILE = MotorizeEstoqueUITests/Info.plist;
				LD_RUNPATH_SEARCH_PATHS = (
					"$(inherited)",
					"@executable_path/Frameworks",
					"@loader_path/Frameworks",
				);
				PRODUCT_BUNDLE_IDENTIFIER = br.com.motorize.MotorizeEstoqueUITests;
				PRODUCT_NAME = "$(TARGET_NAME)";
				SWIFT_VERSION = 4.2;
				TARGETED_DEVICE_FAMILY = "1,2";
				TEST_TARGET_NAME = MotorizeEstoque;
			};
			name = Debug;
		};
		6C8DB4AC21BC33E7004AD5F8 /* Release */ = {
			isa = XCBuildConfiguration;
			buildSettings = {
				ALWAYS_EMBED_SWIFT_STANDARD_LIBRARIES = YES;
				CODE_SIGN_STYLE = Automatic;
				DEVELOPMENT_TEAM = UEJNTPTGX4;
				INFOPLIST_FILE = MotorizeEstoqueUITests/Info.plist;
				LD_RUNPATH_SEARCH_PATHS = (
					"$(inherited)",
					"@executable_path/Frameworks",
					"@loader_path/Frameworks",
				);
				PRODUCT_BUNDLE_IDENTIFIER = br.com.motorize.MotorizeEstoqueUITests;
				PRODUCT_NAME = "$(TARGET_NAME)";
				SWIFT_VERSION = 4.2;
				TARGETED_DEVICE_FAMILY = "1,2";
				TEST_TARGET_NAME = MotorizeEstoque;
			};
			name = Release;
		};
/* End XCBuildConfiguration section */

/* Begin XCConfigurationList section */
		6C8DB47421BC33E5004AD5F8 /* Build configuration list for PBXProject "MotorizeEstoque" */ = {
			isa = XCConfigurationList;
			buildConfigurations = (
				6C8DB4A221BC33E7004AD5F8 /* Debug */,
				6C8DB4A321BC33E7004AD5F8 /* Release */,
			);
			defaultConfigurationIsVisible = 0;
			defaultConfigurationName = Release;
		};
		6C8DB4A421BC33E7004AD5F8 /* Build configuration list for PBXNativeTarget "MotorizeEstoque" */ = {
			isa = XCConfigurationList;
			buildConfigurations = (
				6C8DB4A521BC33E7004AD5F8 /* Debug */,
				6C8DB4A621BC33E7004AD5F8 /* Release */,
			);
			defaultConfigurationIsVisible = 0;
			defaultConfigurationName = Release;
		};
		6C8DB4A721BC33E7004AD5F8 /* Build configuration list for PBXNativeTarget "MotorizeEstoqueTests" */ = {
			isa = XCConfigurationList;
			buildConfigurations = (
				6C8DB4A821BC33E7004AD5F8 /* Debug */,
				6C8DB4A921BC33E7004AD5F8 /* Release */,
			);
			defaultConfigurationIsVisible = 0;
			defaultConfigurationName = Release;
		};
		6C8DB4AA21BC33E7004AD5F8 /* Build configuration list for PBXNativeTarget "MotorizeEstoqueUITests" */ = {
			isa = XCConfigurationList;
			buildConfigurations = (
				6C8DB4AB21BC33E7004AD5F8 /* Debug */,
				6C8DB4AC21BC33E7004AD5F8 /* Release */,
			);
			defaultConfigurationIsVisible = 0;
			defaultConfigurationName = Release;
		};
/* End XCConfigurationList section */

/* Begin XCVersionGroup section */
		6C8DB48321BC33E5004AD5F8 /* MotorizeEstoque.xcdatamodeld */ = {
			isa = XCVersionGroup;
			children = (
				6C8DB48421BC33E5004AD5F8 /* MotorizeEstoque.xcdatamodel */,
			);
			currentVersion = 6C8DB48421BC33E5004AD5F8 /* MotorizeEstoque.xcdatamodel */;
			path = MotorizeEstoque.xcdatamodeld;
			sourceTree = "<group>";
			versionGroupType = wrapper.xcdatamodel;
		};
/* End XCVersionGroup section */
	};
	rootObject = 6C8DB47121BC33E5004AD5F8 /* Project object */;
}
